
Microsoft Visual Studio Solution File, Format Version 12.00
# Visual Studio Version 16
VisualStudioVersion = 16.0.31515.178
MinimumVisualStudioVersion = 10.0.40219.1
Project("{FAE04EC0-301F-11D3-BF4B-00C04F79EFBC}") = "ButtonGame", "ButtomGame\ButtonGame.csproj", "{A85EC323-131E-4672-95DB-C802101B9857}"
EndProject
Global
	GlobalSection(SolutionConfigurationPlatforms) = preSolution
		Debug|Any CPU = Debug|Any CPU
		Release|Any CPU = Release|Any CPU
	EndGlobalSection
	GlobalSection(ProjectConfigurationPlatforms) = postSolution
		{A85EC323-131E-4672-95DB-C802101B9857}.Debug|Any CPU.ActiveCfg = Debug|Any CPU
		{A85EC323-131E-4672-95DB-C802101B9857}.Debug|Any CPU.Build.0 = Debug|Any CPU
		{A85EC323-131E-4672-95DB-C802101B9857}.Release|Any CPU.ActiveCfg = Release|Any CPU
		{A85EC323-131E-4672-95DB-C802101B9857}.Release|Any CPU.Build.0 = Release|Any CPU
	EndGlobalSection
	GlobalSection(SolutionProperties) = preSolution
		HideSolutionNode = FALSE
	EndGlobalSection
	GlobalSection(ExtensibilityGlobals) = postSolution
		SolutionGuid = {43F59B51-CB65-4FE3-9FB0-CC2C3016AD8F}
	EndGlobalSection
EndGlobal
